// !$*UTF8*$!
{
	archiveVersion = 1;
	classes = {
	};
	objectVersion = 46;
	objects = {

/* Begin PBXBuildFile section */
		7921227B1D7D11A8001C23AD /* main.m in Sources */ = {isa = PBXBuildFile; fileRef = 7921227A1D7D11A8001C23AD /* main.m */; };
		792122801D7D11A8001C23AD /* Assets.xcassets in Resources */ = {isa = PBXBuildFile; fileRef = 7921227F1D7D11A8001C23AD /* Assets.xcassets */; };
		792122831D7D11A8001C23AD /* LaunchScreen.storyboard in Resources */ = {isa = PBXBuildFile; fileRef = 792122811D7D11A8001C23AD /* LaunchScreen.storyboard */; };
		7921228F1D7D1548001C23AD /* AppDelegate.m in Sources */ = {isa = PBXBuildFile; fileRef = 7921228D1D7D1548001C23AD /* AppDelegate.m */; };
		792122A91D7D1EA9001C23AD /* XPMainTabBarController.m in Sources */ = {isa = PBXBuildFile; fileRef = 792122A71D7D1EA9001C23AD /* XPMainTabBarController.m */; };
		792122AF1D7D20E8001C23AD /* XPNewsViewController.m in Sources */ = {isa = PBXBuildFile; fileRef = 792122AC1D7D20E8001C23AD /* XPNewsViewController.m */; };
		792122B51D7D20F4001C23AD /* XPJokeViewController.m in Sources */ = {isa = PBXBuildFile; fileRef = 792122B21D7D20F4001C23AD /* XPJokeViewController.m */; };
		792122BB1D7D20FB001C23AD /* XPMineViewController.m in Sources */ = {isa = PBXBuildFile; fileRef = 792122B81D7D20FB001C23AD /* XPMineViewController.m */; };
		792122BE1D7D4A40001C23AD /* XPNet.m in Sources */ = {isa = PBXBuildFile; fileRef = 792122BD1D7D4A40001C23AD /* XPNet.m */; };
		792122C11D7D58ED001C23AD /* XPResponse.m in Sources */ = {isa = PBXBuildFile; fileRef = 792122C01D7D58ED001C23AD /* XPResponse.m */; };
		792122C61D7D6AAB001C23AD /* TopScrollTab.m in Sources */ = {isa = PBXBuildFile; fileRef = 792122C51D7D6AAB001C23AD /* TopScrollTab.m */; };
		792122CB1D7D6E9A001C23AD /* UIView+Frame.m in Sources */ = {isa = PBXBuildFile; fileRef = 792122CA1D7D6E9A001C23AD /* UIView+Frame.m */; };
		792122CE1D7D72AE001C23AD /* NSString+SizeToFit.m in Sources */ = {isa = PBXBuildFile; fileRef = 792122CD1D7D72AE001C23AD /* NSString+SizeToFit.m */; };
		792122D11D7D8B1E001C23AD /* NewsModel.m in Sources */ = {isa = PBXBuildFile; fileRef = 792122D01D7D8B1E001C23AD /* NewsModel.m */; };
		792122D41D7D8F53001C23AD /* HDFHud.m in Sources */ = {isa = PBXBuildFile; fileRef = 792122D31D7D8F53001C23AD /* HDFHud.m */; };
		792122DA1D7DA8D7001C23AD /* NewsListCell.m in Sources */ = {isa = PBXBuildFile; fileRef = 792122D91D7DA8D7001C23AD /* NewsListCell.m */; };
		792122E01D7E624D001C23AD /* NewsListFrame.m in Sources */ = {isa = PBXBuildFile; fileRef = 792122DF1D7E624D001C23AD /* NewsListFrame.m */; };
		792122E31D7EAF20001C23AD /* NewsDetailViewController.m in Sources */ = {isa = PBXBuildFile; fileRef = 792122E21D7EAF20001C23AD /* NewsDetailViewController.m */; };
		792122E61D7EB597001C23AD /* NewsCollectionContainer.m in Sources */ = {isa = PBXBuildFile; fileRef = 792122E51D7EB597001C23AD /* NewsCollectionContainer.m */; };
		792122E91D7EC04B001C23AD /* NewsCollectionCell.m in Sources */ = {isa = PBXBuildFile; fileRef = 792122E81D7EC04B001C23AD /* NewsCollectionCell.m */; };
		792122EC1D7ED15D001C23AD /* NewsListViewController.m in Sources */ = {isa = PBXBuildFile; fileRef = 792122EB1D7ED15D001C23AD /* NewsListViewController.m */; };
		7924382B1D8143E4002B4CE1 /* XPBaseNavViewController.m in Sources */ = {isa = PBXBuildFile; fileRef = 7924382A1D8143E4002B4CE1 /* XPBaseNavViewController.m */; };
		799CDE9D1D7FEA9C0009919D /* DataManager.m in Sources */ = {isa = PBXBuildFile; fileRef = 799CDE9C1D7FEA9C0009919D /* DataManager.m */; };
		799CDEA01D8010110009919D /* XPBaseViewController.m in Sources */ = {isa = PBXBuildFile; fileRef = 799CDE9F1D8010110009919D /* XPBaseViewController.m */; };
		799CDEA21D8011550009919D /* WebViewTabBar.xib in Resources */ = {isa = PBXBuildFile; fileRef = 799CDEA11D8011550009919D /* WebViewTabBar.xib */; };
		E8A947CE0FE93F3425A3A445 /* libPods-Life.a in Frameworks */ = {isa = PBXBuildFile; fileRef = CB4BBFD41E94B2C8AEE05A21 /* libPods-Life.a */; };
/* End PBXBuildFile section */

/* Begin PBXFileReference section */
		0ACE9B8A7F9EA66605DC6CCE /* Pods-Life.release.xcconfig */ = {isa = PBXFileReference; includeInIndex = 1; lastKnownFileType = text.xcconfig; name = "Pods-Life.release.xcconfig"; path = "Pods/Target Support Files/Pods-Life/Pods-Life.release.xcconfig"; sourceTree = "<group>"; };
		792122761D7D11A8001C23AD /* Life.app */ = {isa = PBXFileReference; explicitFileType = wrapper.application; includeInIndex = 0; path = Life.app; sourceTree = BUILT_PRODUCTS_DIR; };
		7921227A1D7D11A8001C23AD /* main.m */ = {isa = PBXFileReference; lastKnownFileType = sourcecode.c.objc; path = main.m; sourceTree = "<group>"; };
		7921227F1D7D11A8001C23AD /* Assets.xcassets */ = {isa = PBXFileReference; lastKnownFileType = folder.assetcatalog; path = Assets.xcassets; sourceTree = "<group>"; };
		792122821D7D11A8001C23AD /* Base */ = {isa = PBXFileReference; lastKnownFileType = file.storyboard; name = Base; path = Base.lproj/LaunchScreen.storyboard; sourceTree = "<group>"; };
		792122841D7D11A8001C23AD /* Info.plist */ = {isa = PBXFileReference; lastKnownFileType = text.plist.xml; path = Info.plist; sourceTree = "<group>"; };
		7921228C1D7D1548001C23AD /* AppDelegate.h */ = {isa = PBXFileReference; fileEncoding = 4; lastKnownFileType = sourcecode.c.h; path = AppDelegate.h; sourceTree = "<group>"; };
		7921228D1D7D1548001C23AD /* AppDelegate.m */ = {isa = PBXFileReference; fileEncoding = 4; lastKnownFileType = sourcecode.c.objc; path = AppDelegate.m; sourceTree = "<group>"; };
		792122A51D7D1EA9001C23AD /* XPMainTabBarController.h */ = {isa = PBXFileReference; fileEncoding = 4; lastKnownFileType = sourcecode.c.h; path = XPMainTabBarController.h; sourceTree = "<group>"; };
		792122A71D7D1EA9001C23AD /* XPMainTabBarController.m */ = {isa = PBXFileReference; fileEncoding = 4; lastKnownFileType = sourcecode.c.objc; path = XPMainTabBarController.m; sourceTree = "<group>"; };
		792122AB1D7D20E8001C23AD /* XPNewsViewController.h */ = {isa = PBXFileReference; fileEncoding = 4; lastKnownFileType = sourcecode.c.h; path = XPNewsViewController.h; sourceTree = "<group>"; };
		792122AC1D7D20E8001C23AD /* XPNewsViewController.m */ = {isa = PBXFileReference; fileEncoding = 4; lastKnownFileType = sourcecode.c.objc; path = XPNewsViewController.m; sourceTree = "<group>"; };
		792122B11D7D20F4001C23AD /* XPJokeViewController.h */ = {isa = PBXFileReference; fileEncoding = 4; lastKnownFileType = sourcecode.c.h; path = XPJokeViewController.h; sourceTree = "<group>"; };
		792122B21D7D20F4001C23AD /* XPJokeViewController.m */ = {isa = PBXFileReference; fileEncoding = 4; lastKnownFileType = sourcecode.c.objc; path = XPJokeViewController.m; sourceTree = "<group>"; };
		792122B71D7D20FB001C23AD /* XPMineViewController.h */ = {isa = PBXFileReference; fileEncoding = 4; lastKnownFileType = sourcecode.c.h; path = XPMineViewController.h; sourceTree = "<group>"; };
		792122B81D7D20FB001C23AD /* XPMineViewController.m */ = {isa = PBXFileReference; fileEncoding = 4; lastKnownFileType = sourcecode.c.objc; path = XPMineViewController.m; sourceTree = "<group>"; };
		792122BC1D7D4A40001C23AD /* XPNet.h */ = {isa = PBXFileReference; fileEncoding = 4; lastKnownFileType = sourcecode.c.h; path = XPNet.h; sourceTree = "<group>"; };
		792122BD1D7D4A40001C23AD /* XPNet.m */ = {isa = PBXFileReference; fileEncoding = 4; lastKnownFileType = sourcecode.c.objc; path = XPNet.m; sourceTree = "<group>"; };
		792122BF1D7D58ED001C23AD /* XPResponse.h */ = {isa = PBXFileReference; fileEncoding = 4; lastKnownFileType = sourcecode.c.h; path = XPResponse.h; sourceTree = "<group>"; };
		792122C01D7D58ED001C23AD /* XPResponse.m */ = {isa = PBXFileReference; fileEncoding = 4; lastKnownFileType = sourcecode.c.objc; path = XPResponse.m; sourceTree = "<group>"; };
		792122C21D7D59F3001C23AD /* LifePrefixHeader.pch */ = {isa = PBXFileReference; lastKnownFileType = sourcecode.c.h; path = LifePrefixHeader.pch; sourceTree = "<group>"; };
		792122C31D7D5A8F001C23AD /* SpeedyCode.h */ = {isa = PBXFileReference; lastKnownFileType = sourcecode.c.h; path = SpeedyCode.h; sourceTree = "<group>"; };
		792122C41D7D6AAB001C23AD /* TopScrollTab.h */ = {isa = PBXFileReference; fileEncoding = 4; lastKnownFileType = sourcecode.c.h; path = TopScrollTab.h; sourceTree = "<group>"; };
		792122C51D7D6AAB001C23AD /* TopScrollTab.m */ = {isa = PBXFileReference; fileEncoding = 4; lastKnownFileType = sourcecode.c.objc; path = TopScrollTab.m; sourceTree = "<group>"; };
		792122C81D7D6DA9001C23AD /* SpeedyFrame.h */ = {isa = PBXFileReference; lastKnownFileType = sourcecode.c.h; path = SpeedyFrame.h; sourceTree = "<group>"; };
		792122C91D7D6E9A001C23AD /* UIView+Frame.h */ = {isa = PBXFileReference; fileEncoding = 4; lastKnownFileType = sourcecode.c.h; path = "UIView+Frame.h"; sourceTree = "<group>"; };
		792122CA1D7D6E9A001C23AD /* UIView+Frame.m */ = {isa = PBXFileReference; fileEncoding = 4; lastKnownFileType = sourcecode.c.objc; path = "UIView+Frame.m"; sourceTree = "<group>"; };
		792122CC1D7D72AE001C23AD /* NSString+SizeToFit.h */ = {isa = PBXFileReference; fileEncoding = 4; lastKnownFileType = sourcecode.c.h; path = "NSString+SizeToFit.h"; sourceTree = "<group>"; };
		792122CD1D7D72AE001C23AD /* NSString+SizeToFit.m */ = {isa = PBXFileReference; fileEncoding = 4; lastKnownFileType = sourcecode.c.objc; path = "NSString+SizeToFit.m"; sourceTree = "<group>"; };
		792122CF1D7D8B1E001C23AD /* NewsModel.h */ = {isa = PBXFileReference; fileEncoding = 4; lastKnownFileType = sourcecode.c.h; path = NewsModel.h; sourceTree = "<group>"; };
		792122D01D7D8B1E001C23AD /* NewsModel.m */ = {isa = PBXFileReference; fileEncoding = 4; lastKnownFileType = sourcecode.c.objc; path = NewsModel.m; sourceTree = "<group>"; };
		792122D21D7D8F53001C23AD /* HDFHud.h */ = {isa = PBXFileReference; fileEncoding = 4; lastKnownFileType = sourcecode.c.h; path = HDFHud.h; sourceTree = "<group>"; };
		792122D31D7D8F53001C23AD /* HDFHud.m */ = {isa = PBXFileReference; fileEncoding = 4; lastKnownFileType = sourcecode.c.objc; path = HDFHud.m; sourceTree = "<group>"; };
		792122D81D7DA8D7001C23AD /* NewsListCell.h */ = {isa = PBXFileReference; fileEncoding = 4; lastKnownFileType = sourcecode.c.h; path = NewsListCell.h; sourceTree = "<group>"; };
		792122D91D7DA8D7001C23AD /* NewsListCell.m */ = {isa = PBXFileReference; fileEncoding = 4; lastKnownFileType = sourcecode.c.objc; path = NewsListCell.m; sourceTree = "<group>"; };
		792122DE1D7E624D001C23AD /* NewsListFrame.h */ = {isa = PBXFileReference; fileEncoding = 4; lastKnownFileType = sourcecode.c.h; path = NewsListFrame.h; sourceTree = "<group>"; };
		792122DF1D7E624D001C23AD /* NewsListFrame.m */ = {isa = PBXFileReference; fileEncoding = 4; lastKnownFileType = sourcecode.c.objc; path = NewsListFrame.m; sourceTree = "<group>"; };
		792122E11D7EAF20001C23AD /* NewsDetailViewController.h */ = {isa = PBXFileReference; fileEncoding = 4; lastKnownFileType = sourcecode.c.h; path = NewsDetailViewController.h; sourceTree = "<group>"; };
		792122E21D7EAF20001C23AD /* NewsDetailViewController.m */ = {isa = PBXFileReference; fileEncoding = 4; lastKnownFileType = sourcecode.c.objc; path = NewsDetailViewController.m; sourceTree = "<group>"; };
		792122E41D7EB597001C23AD /* NewsCollectionContainer.h */ = {isa = PBXFileReference; fileEncoding = 4; lastKnownFileType = sourcecode.c.h; path = NewsCollectionContainer.h; sourceTree = "<group>"; };
		792122E51D7EB597001C23AD /* NewsCollectionContainer.m */ = {isa = PBXFileReference; fileEncoding = 4; lastKnownFileType = sourcecode.c.objc; path = NewsCollectionContainer.m; sourceTree = "<group>"; };
		792122E71D7EC04B001C23AD /* NewsCollectionCell.h */ = {isa = PBXFileReference; fileEncoding = 4; lastKnownFileType = sourcecode.c.h; path = NewsCollectionCell.h; sourceTree = "<group>"; };
		792122E81D7EC04B001C23AD /* NewsCollectionCell.m */ = {isa = PBXFileReference; fileEncoding = 4; lastKnownFileType = sourcecode.c.objc; path = NewsCollectionCell.m; sourceTree = "<group>"; };
		792122EA1D7ED15D001C23AD /* NewsListViewController.h */ = {isa = PBXFileReference; fileEncoding = 4; lastKnownFileType = sourcecode.c.h; path = NewsListViewController.h; sourceTree = "<group>"; };
		792122EB1D7ED15D001C23AD /* NewsListViewController.m */ = {isa = PBXFileReference; fileEncoding = 4; lastKnownFileType = sourcecode.c.objc; path = NewsListViewController.m; sourceTree = "<group>"; };
		792438291D8143E4002B4CE1 /* XPBaseNavViewController.h */ = {isa = PBXFileReference; fileEncoding = 4; lastKnownFileType = sourcecode.c.h; path = XPBaseNavViewController.h; sourceTree = "<group>"; };
		7924382A1D8143E4002B4CE1 /* XPBaseNavViewController.m */ = {isa = PBXFileReference; fileEncoding = 4; lastKnownFileType = sourcecode.c.objc; path = XPBaseNavViewController.m; sourceTree = "<group>"; };
		799CDE9B1D7FEA9C0009919D /* DataManager.h */ = {isa = PBXFileReference; fileEncoding = 4; lastKnownFileType = sourcecode.c.h; path = DataManager.h; sourceTree = "<group>"; };
		799CDE9C1D7FEA9C0009919D /* DataManager.m */ = {isa = PBXFileReference; fileEncoding = 4; lastKnownFileType = sourcecode.c.objc; path = DataManager.m; sourceTree = "<group>"; };
		799CDE9E1D8010110009919D /* XPBaseViewController.h */ = {isa = PBXFileReference; fileEncoding = 4; lastKnownFileType = sourcecode.c.h; path = XPBaseViewController.h; sourceTree = "<group>"; };
		799CDE9F1D8010110009919D /* XPBaseViewController.m */ = {isa = PBXFileReference; fileEncoding = 4; lastKnownFileType = sourcecode.c.objc; path = XPBaseViewController.m; sourceTree = "<group>"; };
		799CDEA11D8011550009919D /* WebViewTabBar.xib */ = {isa = PBXFileReference; fileEncoding = 4; lastKnownFileType = file.xib; path = WebViewTabBar.xib; sourceTree = "<group>"; };
		CB4BBFD41E94B2C8AEE05A21 /* libPods-Life.a */ = {isa = PBXFileReference; explicitFileType = archive.ar; includeInIndex = 0; path = "libPods-Life.a"; sourceTree = BUILT_PRODUCTS_DIR; };
		E8ED45B850634A9CC086D2D1 /* Pods-Life.debug.xcconfig */ = {isa = PBXFileReference; includeInIndex = 1; lastKnownFileType = text.xcconfig; name = "Pods-Life.debug.xcconfig"; path = "Pods/Target Support Files/Pods-Life/Pods-Life.debug.xcconfig"; sourceTree = "<group>"; };
/* End PBXFileReference section */

/* Begin PBXFrameworksBuildPhase section */
		792122731D7D11A8001C23AD /* Frameworks */ = {
			isa = PBXFrameworksBuildPhase;
			buildActionMask = 2147483647;
			files = (
				E8A947CE0FE93F3425A3A445 /* libPods-Life.a in Frameworks */,
			);
			runOnlyForDeploymentPostprocessing = 0;
		};
/* End PBXFrameworksBuildPhase section */

/* Begin PBXGroup section */
		15A8367EAFB201B5E0C3D28F /* Pods */ = {
			isa = PBXGroup;
			children = (
				E8ED45B850634A9CC086D2D1 /* Pods-Life.debug.xcconfig */,
				0ACE9B8A7F9EA66605DC6CCE /* Pods-Life.release.xcconfig */,
			);
			name = Pods;
			sourceTree = "<group>";
		};
		7921226D1D7D11A8001C23AD = {
			isa = PBXGroup;
			children = (
				792122781D7D11A8001C23AD /* Life */,
				792122771D7D11A8001C23AD /* Products */,
				15A8367EAFB201B5E0C3D28F /* Pods */,
				D74E6C27E314F19F23BBF26E /* Frameworks */,
			);
			sourceTree = "<group>";
		};
		792122771D7D11A8001C23AD /* Products */ = {
			isa = PBXGroup;
			children = (
				792122761D7D11A8001C23AD /* Life.app */,
			);
			name = Products;
			sourceTree = "<group>";
		};
		792122781D7D11A8001C23AD /* Life */ = {
			isa = PBXGroup;
			children = (
				7921228A1D7D1548001C23AD /* Classes */,
				792122791D7D11A8001C23AD /* Supporting Files */,
			);
			path = Life;
			sourceTree = "<group>";
		};
		792122791D7D11A8001C23AD /* Supporting Files */ = {
			isa = PBXGroup;
			children = (
				792122811D7D11A8001C23AD /* LaunchScreen.storyboard */,
				792122841D7D11A8001C23AD /* Info.plist */,
				7921227F1D7D11A8001C23AD /* Assets.xcassets */,
				7921227A1D7D11A8001C23AD /* main.m */,
				792122C21D7D59F3001C23AD /* LifePrefixHeader.pch */,
			);
			name = "Supporting Files";
			sourceTree = "<group>";
		};
		7921228A1D7D1548001C23AD /* Classes */ = {
			isa = PBXGroup;
			children = (
				792122901D7D1840001C23AD /* CommonFiles */,
				7921228B1D7D1548001C23AD /* AppDelegate */,
				7921228E1D7D1548001C23AD /* Network */,
				792122A31D7D1E91001C23AD /* Base */,
				792122971D7D1BEE001C23AD /* News */,
				792122981D7D1C33001C23AD /* Joke */,
				792122991D7D1CA4001C23AD /* Me */,
			);
			path = Classes;
			sourceTree = "<group>";
		};
		7921228B1D7D1548001C23AD /* AppDelegate */ = {
			isa = PBXGroup;
			children = (
				7921228C1D7D1548001C23AD /* AppDelegate.h */,
				7921228D1D7D1548001C23AD /* AppDelegate.m */,
			);
			path = AppDelegate;
			sourceTree = "<group>";
		};
		7921228E1D7D1548001C23AD /* Network */ = {
			isa = PBXGroup;
			children = (
				792122BC1D7D4A40001C23AD /* XPNet.h */,
				792122BD1D7D4A40001C23AD /* XPNet.m */,
				792122BF1D7D58ED001C23AD /* XPResponse.h */,
				792122C01D7D58ED001C23AD /* XPResponse.m */,
			);
			path = Network;
			sourceTree = "<group>";
		};
		792122901D7D1840001C23AD /* CommonFiles */ = {
			isa = PBXGroup;
			children = (
				792122D21D7D8F53001C23AD /* HDFHud.h */,
				792122D31D7D8F53001C23AD /* HDFHud.m */,
				792122CC1D7D72AE001C23AD /* NSString+SizeToFit.h */,
				792122CD1D7D72AE001C23AD /* NSString+SizeToFit.m */,
				792122C91D7D6E9A001C23AD /* UIView+Frame.h */,
				792122CA1D7D6E9A001C23AD /* UIView+Frame.m */,
				792122C31D7D5A8F001C23AD /* SpeedyCode.h */,
				792122C81D7D6DA9001C23AD /* SpeedyFrame.h */,
			);
			path = CommonFiles;
			sourceTree = "<group>";
		};
		792122971D7D1BEE001C23AD /* News */ = {
			isa = PBXGroup;
			children = (
				799CDE9A1D7FEA710009919D /* Vendor */,
				792122AA1D7D20E8001C23AD /* Controller */,
				792122AD1D7D20E8001C23AD /* Model */,
				792122AE1D7D20E8001C23AD /* View */,
			);
			path = News;
			sourceTree = "<group>";
		};
		792122981D7D1C33001C23AD /* Joke */ = {
			isa = PBXGroup;
			children = (
				792122B01D7D20F4001C23AD /* Controller */,
				792122B31D7D20F4001C23AD /* Model */,
				792122B41D7D20F4001C23AD /* View */,
			);
			path = Joke;
			sourceTree = "<group>";
		};
		792122991D7D1CA4001C23AD /* Me */ = {
			isa = PBXGroup;
			children = (
				792122B61D7D20FB001C23AD /* Controller */,
				792122B91D7D20FB001C23AD /* Model */,
				792122BA1D7D20FB001C23AD /* View */,
			);
			path = Me;
			sourceTree = "<group>";
		};
		792122A31D7D1E91001C23AD /* Base */ = {
			isa = PBXGroup;
			children = (
				792122A51D7D1EA9001C23AD /* XPMainTabBarController.h */,
				792122A71D7D1EA9001C23AD /* XPMainTabBarController.m */,
				799CDE9E1D8010110009919D /* XPBaseViewController.h */,
				799CDE9F1D8010110009919D /* XPBaseViewController.m */,
				792438291D8143E4002B4CE1 /* XPBaseNavViewController.h */,
				7924382A1D8143E4002B4CE1 /* XPBaseNavViewController.m */,
			);
			path = Base;
			sourceTree = "<group>";
		};
		792122AA1D7D20E8001C23AD /* Controller */ = {
			isa = PBXGroup;
			children = (
				792122AB1D7D20E8001C23AD /* XPNewsViewController.h */,
				792122AC1D7D20E8001C23AD /* XPNewsViewController.m */,
				792122E41D7EB597001C23AD /* NewsCollectionContainer.h */,
				792122E51D7EB597001C23AD /* NewsCollectionContainer.m */,
				792122EA1D7ED15D001C23AD /* NewsListViewController.h */,
				792122EB1D7ED15D001C23AD /* NewsListViewController.m */,
				792122E11D7EAF20001C23AD /* NewsDetailViewController.h */,
				792122E21D7EAF20001C23AD /* NewsDetailViewController.m */,
			);
			path = Controller;
			sourceTree = "<group>";
		};
		792122AD1D7D20E8001C23AD /* Model */ = {
			isa = PBXGroup;
			children = (
				792122CF1D7D8B1E001C23AD /* NewsModel.h */,
				792122D01D7D8B1E001C23AD /* NewsModel.m */,
				792122DE1D7E624D001C23AD /* NewsListFrame.h */,
				792122DF1D7E624D001C23AD /* NewsListFrame.m */,
			);
			path = Model;
			sourceTree = "<group>";
		};
		792122AE1D7D20E8001C23AD /* View */ = {
			isa = PBXGroup;
			children = (
				792122C41D7D6AAB001C23AD /* TopScrollTab.h */,
				792122C51D7D6AAB001C23AD /* TopScrollTab.m */,
				792122D81D7DA8D7001C23AD /* NewsListCell.h */,
				792122D91D7DA8D7001C23AD /* NewsListCell.m */,
				792122E71D7EC04B001C23AD /* NewsCollectionCell.h */,
				792122E81D7EC04B001C23AD /* NewsCollectionCell.m */,
				799CDEA11D8011550009919D /* WebViewTabBar.xib */,
			);
			path = View;
			sourceTree = "<group>";
		};
		792122B01D7D20F4001C23AD /* Controller */ = {
			isa = PBXGroup;
			children = (
				792122B11D7D20F4001C23AD /* XPJokeViewController.h */,
				792122B21D7D20F4001C23AD /* XPJokeViewController.m */,
			);
			path = Controller;
			sourceTree = "<group>";
		};
		792122B31D7D20F4001C23AD /* Model */ = {
			isa = PBXGroup;
			children = (
			);
			path = Model;
			sourceTree = "<group>";
		};
		792122B41D7D20F4001C23AD /* View */ = {
			isa = PBXGroup;
			children = (
			);
			path = View;
			sourceTree = "<group>";
		};
		792122B61D7D20FB001C23AD /* Controller */ = {
			isa = PBXGroup;
			children = (
				792122B71D7D20FB001C23AD /* XPMineViewController.h */,
				792122B81D7D20FB001C23AD /* XPMineViewController.m */,
			);
			path = Controller;
			sourceTree = "<group>";
		};
		792122B91D7D20FB001C23AD /* Model */ = {
			isa = PBXGroup;
			children = (
			);
			path = Model;
			sourceTree = "<group>";
		};
		792122BA1D7D20FB001C23AD /* View */ = {
			isa = PBXGroup;
			children = (
			);
			path = View;
			sourceTree = "<group>";
		};
		799CDE9A1D7FEA710009919D /* Vendor */ = {
			isa = PBXGroup;
			children = (
				799CDE9B1D7FEA9C0009919D /* DataManager.h */,
				799CDE9C1D7FEA9C0009919D /* DataManager.m */,
			);
			path = Vendor;
			sourceTree = "<group>";
		};
		D74E6C27E314F19F23BBF26E /* Frameworks */ = {
			isa = PBXGroup;
			children = (
				CB4BBFD41E94B2C8AEE05A21 /* libPods-Life.a */,
			);
			name = Frameworks;
			sourceTree = "<group>";
		};
/* End PBXGroup section */

/* Begin PBXNativeTarget section */
		792122751D7D11A8001C23AD /* Life */ = {
			isa = PBXNativeTarget;
			buildConfigurationList = 792122871D7D11A8001C23AD /* Build configuration list for PBXNativeTarget "Life" */;
			buildPhases = (
				AF9B091F840C0F27367EF132 /* Check Pods Manifest.lock */,
				792122721D7D11A8001C23AD /* Sources */,
				792122731D7D11A8001C23AD /* Frameworks */,
				792122741D7D11A8001C23AD /* Resources */,
				61E02E71D82A4D162A5239D6 /* Embed Pods Frameworks */,
				FA8BD13905D3B30800799F5C /* Copy Pods Resources */,
			);
			buildRules = (
			);
			dependencies = (
			);
			name = Life;
			productName = Life;
			productReference = 792122761D7D11A8001C23AD /* Life.app */;
			productType = "com.apple.product-type.application";
		};
/* End PBXNativeTarget section */

/* Begin PBXProject section */
		7921226E1D7D11A8001C23AD /* Project object */ = {
			isa = PBXProject;
			attributes = {
				LastUpgradeCheck = 0800;
				ORGANIZATIONNAME = iDustpan;
				TargetAttributes = {
					792122751D7D11A8001C23AD = {
						CreatedOnToolsVersion = 7.3.1;
						DevelopmentTeam = 5CKSJSE23P;
					};
				};
			};
			buildConfigurationList = 792122711D7D11A8001C23AD /* Build configuration list for PBXProject "Life" */;
			compatibilityVersion = "Xcode 3.2";
			developmentRegion = English;
			hasScannedForEncodings = 0;
			knownRegions = (
				en,
				Base,
			);
			mainGroup = 7921226D1D7D11A8001C23AD;
			productRefGroup = 792122771D7D11A8001C23AD /* Products */;
			projectDirPath = "";
			projectRoot = "";
			targets = (
				792122751D7D11A8001C23AD /* Life */,
			);
		};
/* End PBXProject section */

/* Begin PBXResourcesBuildPhase section */
		792122741D7D11A8001C23AD /* Resources */ = {
			isa = PBXResourcesBuildPhase;
			buildActionMask = 2147483647;
			files = (
				792122801D7D11A8001C23AD /* Assets.xcassets in Resources */,
				792122831D7D11A8001C23AD /* LaunchScreen.storyboard in Resources */,
				799CDEA21D8011550009919D /* WebViewTabBar.xib in Resources */,
			);
			runOnlyForDeploymentPostprocessing = 0;
		};
/* End PBXResourcesBuildPhase section */

/* Begin PBXShellScriptBuildPhase section */
		61E02E71D82A4D162A5239D6 /* Embed Pods Frameworks */ = {
			isa = PBXShellScriptBuildPhase;
			buildActionMask = 2147483647;
			files = (
			);
			inputPaths = (
			);
			name = "Embed Pods Frameworks";
			outputPaths = (
			);
			runOnlyForDeploymentPostprocessing = 0;
			shellPath = /bin/sh;
			shellScript = "\"${SRCROOT}/Pods/Target Support Files/Pods-Life/Pods-Life-frameworks.sh\"\n";
			showEnvVarsInLog = 0;
		};
		AF9B091F840C0F27367EF132 /* Check Pods Manifest.lock */ = {
			isa = PBXShellScriptBuildPhase;
			buildActionMask = 2147483647;
			files = (
			);
			inputPaths = (
			);
			name = "Check Pods Manifest.lock";
			outputPaths = (
			);
			runOnlyForDeploymentPostprocessing = 0;
			shellPath = /bin/sh;
			shellScript = "diff \"${PODS_ROOT}/../Podfile.lock\" \"${PODS_ROOT}/Manifest.lock\" > /dev/null\nif [[ $? != 0 ]] ; then\n    cat << EOM\nerror: The sandbox is not in sync with the Podfile.lock. Run 'pod install' or update your CocoaPods installation.\nEOM\n    exit 1\nfi\n";
			showEnvVarsInLog = 0;
		};
		FA8BD13905D3B30800799F5C /* Copy Pods Resources */ = {
			isa = PBXShellScriptBuildPhase;
			buildActionMask = 2147483647;
			files = (
			);
			inputPaths = (
			);
			name = "Copy Pods Resources";
			outputPaths = (
			);
			runOnlyForDeploymentPostprocessing = 0;
			shellPath = /bin/sh;
			shellScript = "\"${SRCROOT}/Pods/Target Support Files/Pods-Life/Pods-Life-resources.sh\"\n";
			showEnvVarsInLog = 0;
		};
/* End PBXShellScriptBuildPhase section */

/* Begin PBXSourcesBuildPhase section */
		792122721D7D11A8001C23AD /* Sources */ = {
			isa = PBXSourcesBuildPhase;
			buildActionMask = 2147483647;
			files = (
				792122E01D7E624D001C23AD /* NewsListFrame.m in Sources */,
				792122C61D7D6AAB001C23AD /* TopScrollTab.m in Sources */,
				792122A91D7D1EA9001C23AD /* XPMainTabBarController.m in Sources */,
				792122DA1D7DA8D7001C23AD /* NewsListCell.m in Sources */,
				792122E91D7EC04B001C23AD /* NewsCollectionCell.m in Sources */,
				792122D41D7D8F53001C23AD /* HDFHud.m in Sources */,
				792122BE1D7D4A40001C23AD /* XPNet.m in Sources */,
				792122CE1D7D72AE001C23AD /* NSString+SizeToFit.m in Sources */,
				7921227B1D7D11A8001C23AD /* main.m in Sources */,
				792122C11D7D58ED001C23AD /* XPResponse.m in Sources */,
				7921228F1D7D1548001C23AD /* AppDelegate.m in Sources */,
				792122B51D7D20F4001C23AD /* XPJokeViewController.m in Sources */,
				792122D11D7D8B1E001C23AD /* NewsModel.m in Sources */,
				792122AF1D7D20E8001C23AD /* XPNewsViewController.m in Sources */,
				792122BB1D7D20FB001C23AD /* XPMineViewController.m in Sources */,
				799CDE9D1D7FEA9C0009919D /* DataManager.m in Sources */,
				792122CB1D7D6E9A001C23AD /* UIView+Frame.m in Sources */,
				7924382B1D8143E4002B4CE1 /* XPBaseNavViewController.m in Sources */,
				792122E61D7EB597001C23AD /* NewsCollectionContainer.m in Sources */,
				792122E31D7EAF20001C23AD /* NewsDetailViewController.m in Sources */,
				792122EC1D7ED15D001C23AD /* NewsListViewController.m in Sources */,
				799CDEA01D8010110009919D /* XPBaseViewController.m in Sources */,
			);
			runOnlyForDeploymentPostprocessing = 0;
		};
/* End PBXSourcesBuildPhase section */

/* Begin PBXVariantGroup section */
		792122811D7D11A8001C23AD /* LaunchScreen.storyboard */ = {
			isa = PBXVariantGroup;
			children = (
				792122821D7D11A8001C23AD /* Base */,
			);
			name = LaunchScreen.storyboard;
			sourceTree = "<group>";
		};
/* End PBXVariantGroup section */

/* Begin XCBuildConfiguration section */
		792122851D7D11A8001C23AD /* Debug */ = {
			isa = XCBuildConfiguration;
			buildSettings = {
				ALWAYS_SEARCH_USER_PATHS = NO;
				CLANG_ANALYZER_NONNULL = YES;
				CLANG_CXX_LANGUAGE_STANDARD = "gnu++0x";
				CLANG_CXX_LIBRARY = "libc++";
				CLANG_ENABLE_MODULES = YES;
				CLANG_ENABLE_OBJC_ARC = YES;
				CLANG_WARN_BOOL_CONVERSION = YES;
				CLANG_WARN_CONSTANT_CONVERSION = YES;
				CLANG_WARN_DIRECT_OBJC_ISA_USAGE = YES_ERROR;
				CLANG_WARN_EMPTY_BODY = YES;
				CLANG_WARN_ENUM_CONVERSION = YES;
				CLANG_WARN_INFINITE_RECURSION = YES;
				CLANG_WARN_INT_CONVERSION = YES;
				CLANG_WARN_OBJC_ROOT_CLASS = YES_ERROR;
				CLANG_WARN_SUSPICIOUS_MOVE = YES;
				CLANG_WARN_UNREACHABLE_CODE = YES;
				CLANG_WARN__DUPLICATE_METHOD_MATCH = YES;
				"CODE_SIGN_IDENTITY[sdk=iphoneos*]" = "iPhone Developer";
				COPY_PHASE_STRIP = NO;
				DEBUG_INFORMATION_FORMAT = dwarf;
				ENABLE_STRICT_OBJC_MSGSEND = YES;
				ENABLE_TESTABILITY = YES;
				GCC_C_LANGUAGE_STANDARD = gnu99;
				GCC_DYNAMIC_NO_PIC = NO;
				GCC_NO_COMMON_BLOCKS = YES;
				GCC_OPTIMIZATION_LEVEL = 0;
				GCC_PREPROCESSOR_DEFINITIONS = (
					"DEBUG=1",
					"$(inherited)",
				);
				GCC_WARN_64_TO_32_BIT_CONVERSION = YES;
				GCC_WARN_ABOUT_RETURN_TYPE = YES_ERROR;
				GCC_WARN_UNDECLARED_SELECTOR = YES;
				GCC_WARN_UNINITIALIZED_AUTOS = YES_AGGRESSIVE;
				GCC_WARN_UNUSED_FUNCTION = YES;
				GCC_WARN_UNUSED_VARIABLE = YES;
				IPHONEOS_DEPLOYMENT_TARGET = 9.3;
				MTL_ENABLE_DEBUG_INFO = YES;
				ONLY_ACTIVE_ARCH = YES;
				SDKROOT = iphoneos;
			};
			name = Debug;
		};
		792122861D7D11A8001C23AD /* Release */ = {
			isa = XCBuildConfiguration;
			buildSettings = {
				ALWAYS_SEARCH_USER_PATHS = NO;
				CLANG_ANALYZER_NONNULL = YES;
				CLANG_CXX_LANGUAGE_STANDARD = "gnu++0x";
				CLANG_CXX_LIBRARY = "libc++";
				CLANG_ENABLE_MODULES = YES;
				CLANG_ENABLE_OBJC_ARC = YES;
				CLANG_WARN_BOOL_CONVERSION = YES;
				CLANG_WARN_CONSTANT_CONVERSION = YES;
				CLANG_WARN_DIRECT_OBJC_ISA_USAGE = YES_ERROR;
				CLANG_WARN_EMPTY_BODY = YES;
				CLANG_WARN_ENUM_CONVERSION = YES;
				CLANG_WARN_INFINITE_RECURSION = YES;
				CLANG_WARN_INT_CONVERSION = YES;
				CLANG_WARN_OBJC_ROOT_CLASS = YES_ERROR;
				CLANG_WARN_SUSPICIOUS_MOVE = YES;
				CLANG_WARN_UNREACHABLE_CODE = YES;
				CLANG_WARN__DUPLICATE_METHOD_MATCH = YES;
				"CODE_SIGN_IDENTITY[sdk=iphoneos*]" = "iPhone Developer";
				COPY_PHASE_STRIP = NO;
				DEBUG_INFORMATION_FORMAT = "dwarf-with-dsym";
				ENABLE_NS_ASSERTIONS = NO;
				ENABLE_STRICT_OBJC_MSGSEND = YES;
				GCC_C_LANGUAGE_STANDARD = gnu99;
				GCC_NO_COMMON_BLOCKS = YES;
				GCC_WARN_64_TO_32_BIT_CONVERSION = YES;
				GCC_WARN_ABOUT_RETURN_TYPE = YES_ERROR;
				GCC_WARN_UNDECLARED_SELECTOR = YES;
				GCC_WARN_UNINITIALIZED_AUTOS = YES_AGGRESSIVE;
				GCC_WARN_UNUSED_FUNCTION = YES;
				GCC_WARN_UNUSED_VARIABLE = YES;
				IPHONEOS_DEPLOYMENT_TARGET = 9.3;
				MTL_ENABLE_DEBUG_INFO = NO;
				SDKROOT = iphoneos;
				VALIDATE_PRODUCT = YES;
			};
			name = Release;
		};
		792122881D7D11A8001C23AD /* Debug */ = {
			isa = XCBuildConfiguration;
			baseConfigurationReference = E8ED45B850634A9CC086D2D1 /* Pods-Life.debug.xcconfig */;
			buildSettings = {
				ASSETCATALOG_COMPILER_APPICON_NAME = AppIcon;
				DEVELOPMENT_TEAM = 5CKSJSE23P;
				GCC_PREFIX_HEADER = Life/LifePrefixHeader.pch;
				INFOPLIST_FILE = Life/Info.plist;
				IPHONEOS_DEPLOYMENT_TARGET = 8.0;
				LD_RUNPATH_SEARCH_PATHS = "$(inherited) @executable_path/Frameworks";
				PRODUCT_BUNDLE_IDENTIFIER = iDustPan.com.Life;
				PRODUCT_NAME = "$(TARGET_NAME)";
			};
			name = Debug;
		};
		792122891D7D11A8001C23AD /* Release */ = {
			isa = XCBuildConfiguration;
			baseConfigurationReference = 0ACE9B8A7F9EA66605DC6CCE /* Pods-Life.release.xcconfig */;
			buildSettings = {
				ASSETCATALOG_COMPILER_APPICON_NAME = AppIcon;
				DEVELOPMENT_TEAM = 5CKSJSE23P;
				GCC_PREFIX_HEADER = Life/LifePrefixHeader.pch;
				INFOPLIST_FILE = Life/Info.plist;
				IPHONEOS_DEPLOYMENT_TARGET = 8.0;
				LD_RUNPATH_SEARCH_PATHS = "$(inherited) @executable_path/Frameworks";
				PRODUCT_BUNDLE_IDENTIFIER = iDustPan.com.Life;
				PRODUCT_NAME = "$(TARGET_NAME)";
			};
			name = Release;
		};
/* End XCBuildConfiguration section */

/* Begin XCConfigurationList section */
		792122711D7D11A8001C23AD /* Build configuration list for PBXProject "Life" */ = {
			isa = XCConfigurationList;
			buildConfigurations = (
				792122851D7D11A8001C23AD /* Debug */,
				792122861D7D11A8001C23AD /* Release */,
			);
			defaultConfigurationIsVisible = 0;
			defaultConfigurationName = Release;
		};
		792122871D7D11A8001C23AD /* Build configuration list for PBXNativeTarget "Life" */ = {
			isa = XCConfigurationList;
			buildConfigurations = (
				792122881D7D11A8001C23AD /* Debug */,
				792122891D7D11A8001C23AD /* Release */,
			);
			defaultConfigurationIsVisible = 0;
			defaultConfigurationName = Release;
		};
/* End XCConfigurationList section */
	};
	rootObject = 7921226E1D7D11A8001C23AD /* Project object */;
}
